#MicroXplorer Configuration settings - do not modify
File.Version=6
I2C1.ClockSpeed=90000
I2C1.IPParameters=ClockSpeed
KeepUserPlacement=false
Mcu.Family=STM32L1
Mcu.IP0=I2C1
Mcu.IP1=NVIC
Mcu.IP2=RCC
Mcu.IP3=SYS
Mcu.IPNb=4
Mcu.Name=STM32L151VETx
Mcu.Package=LQFP100
Mcu.Pin0=PE3
Mcu.Pin1=PB6
Mcu.Pin2=PB7
Mcu.Pin3=VP_SYS_VS_Systick
Mcu.PinsNb=4
Mcu.ThirdPartyNb=0
Mcu.UserConstants=
Mcu.UserName=STM32L151VETx
MxCube.Version=4.24.0
MxDb.Version=DB.4.0.240
NVIC.BusFault_IRQn=true\:0\:0\:false\:false\:true\:false
NVIC.DebugMonitor_IRQn=true\:0\:0\:false\:false\:true\:false
NVIC.HardFault_IRQn=true\:0\:0\:false\:false\:true\:false
NVIC.MemoryManagement_IRQn=true\:0\:0\:false\:false\:true\:false
NVIC.NonMaskableInt_IRQn=true\:0\:0\:false\:false\:true\:false
NVIC.PendSV_IRQn=true\:0\:0\:false\:false\:true\:false
NVIC.PriorityGroup=NVIC_PRIORITYGROUP_4
NVIC.SVC_IRQn=true\:0\:0\:false\:false\:true\:false
NVIC.SysTick_IRQn=true\:0\:0\:false\:false\:true\:false
NVIC.UsageFault_IRQn=true\:0\:0\:false\:false\:true\:false
PB6.Mode=I2C
PB6.Signal=I2C1_SCL
PB7.Mode=I2C
PB7.Signal=I2C1_SDA
PCC.Checker=true
PCC.Line=STM32L151/152
PCC.MCU=STM32L151VETx
PCC.PartNumber=STM32L151VETx
PCC.Seq0=0
PCC.Series=STM32L1
PCC.Temperature=25
PCC.Vdd=3.0
PE3.GPIOParameters=GPIO_Label
PE3.GPIO_Label=TP1
PE3.Locked=true
PE3.Signal=GPIO_Output
PinOutPanel.RotationAngle=0
ProjectManager.AskForMigrate=true
ProjectManager.BackupPrevious=false
ProjectManager.CompilerOptimize=2
ProjectManager.ComputerToolchain=false
ProjectManager.CoupleFile=false
ProjectManager.CustomerFirmwarePackage=D\:\\Q-PACE\\STM32Cube\\Repository\\stm32cube_fw_l1_v180\\STM32Cube_FW_L1_V1.8.0
ProjectManager.DefaultFWLocation=false
ProjectManager.DeletePrevious=true
ProjectManager.DeviceId=STM32L151VETx
ProjectManager.FirmwarePackage=STM32Cube FW_L1 V1.8.1
ProjectManager.FreePins=false
ProjectManager.HalAssertFull=false
ProjectManager.HeapSize=0x200
ProjectManager.KeepUserCode=true
ProjectManager.LastFirmware=true
ProjectManager.LibraryCopy=1
ProjectManager.PreviousToolchain=TrueSTUDIO
ProjectManager.ProjectBuild=false
ProjectManager.ProjectFileName=SurfSat.ioc
ProjectManager.ProjectName=SurfSat
ProjectManager.StackSize=0x400
ProjectManager.TargetToolchain=TrueSTUDIO
ProjectManager.ToolChainLocation=
ProjectManager.UnderRoot=true
ProjectManager.functionlistsort=1-MX_GPIO_Init-GPIO-false-HAL-true,2-SystemClock_Config-RCC-false-HAL-true,3-MX_I2C1_Init-I2C1-false-HAL-true
RCC.AHBFreq_Value=16000000
RCC.APB1Freq_Value=16000000
RCC.APB1TimFreq_Value=16000000
RCC.APB2Freq_Value=16000000
RCC.APB2TimFreq_Value=16000000
RCC.FCLKCortexFreq_Value=16000000
RCC.FamilyName=M
RCC.HCLKFreq_Value=16000000
RCC.HSE_VALUE=24000000
RCC.HSI_VALUE=16000000
RCC.IPParameters=AHBFreq_Value,APB1Freq_Value,APB1TimFreq_Value,APB2Freq_Value,APB2TimFreq_Value,FCLKCortexFreq_Value,FamilyName,HCLKFreq_Value,HSE_VALUE,HSI_VALUE,LSE_VALUE,LSI_VALUE,MCOPinFreq_Value,MSI_VALUE,PLLCLKFreq_Value,PLLDIV,PWRFreq_Value,RTCFreq_Value,RTCHSEDivFreq_Value,SYSCLKFreq_VALUE,SYSCLKSource,TIMFreq_Value,TimerFreq_Value,VCOOutputFreq_Value
RCC.LSE_VALUE=32768
RCC.LSI_VALUE=37000
RCC.MCOPinFreq_Value=16000000
RCC.MSI_VALUE=2097000
RCC.PLLCLKFreq_Value=16000000
RCC.PLLDIV=RCC_PLL_DIV3
RCC.PWRFreq_Value=16000000
RCC.RTCFreq_Value=37000
RCC.RTCHSEDivFreq_Value=12000000
RCC.SYSCLKFreq_VALUE=16000000
RCC.SYSCLKSource=RCC_SYSCLKSOURCE_PLLCLK
RCC.TIMFreq_Value=16000000
RCC.TimerFreq_Value=16000000
RCC.VCOOutputFreq_Value=48000000
VP_SYS_VS_Systick.Mode=SysTick
VP_SYS_VS_Systick.Signal=SYS_VS_Systick
board=SurfSat
